
Microsoft Visual Studio Solution File, Format Version 12.00
Project("{FAE04EC0-301F-11D3-BF4B-00C04F79EFBC}") = "Infra", "Infra\Infra.csproj", "{015F37F7-548C-4525-B010-D105A9B71C25}"
EndProject
Project("{FAE04EC0-301F-11D3-BF4B-00C04F79EFBC}") = "TreeProcessApp", "TreeProcessApp\TreeProcessApp.csproj", "{1DC72DC1-8EA4-4252-90E6-7F5EBFF381B8}"
EndProject
Project("{FAE04EC0-301F-11D3-BF4B-00C04F79EFBC}") = "Runner", "Runner\Runner.csproj", "{24C9100B-7511-4312-A675-2DFBCBABC8E2}"
EndProject
Global
	GlobalSection(SolutionConfigurationPlatforms) = preSolution
		Debug|Any CPU = Debug|Any CPU
		Release|Any CPU = Release|Any CPU
	EndGlobalSection
	GlobalSection(ProjectConfigurationPlatforms) = postSolution
		{015F37F7-548C-4525-B010-D105A9B71C25}.Debug|Any CPU.ActiveCfg = Debug|Any CPU
		{015F37F7-548C-4525-B010-D105A9B71C25}.Debug|Any CPU.Build.0 = Debug|Any CPU
		{015F37F7-548C-4525-B010-D105A9B71C25}.Release|Any CPU.ActiveCfg = Release|Any CPU
		{015F37F7-548C-4525-B010-D105A9B71C25}.Release|Any CPU.Build.0 = Release|Any CPU
		{1DC72DC1-8EA4-4252-90E6-7F5EBFF381B8}.Debug|Any CPU.ActiveCfg = Debug|Any CPU
		{1DC72DC1-8EA4-4252-90E6-7F5EBFF381B8}.Debug|Any CPU.Build.0 = Debug|Any CPU
		{1DC72DC1-8EA4-4252-90E6-7F5EBFF381B8}.Release|Any CPU.ActiveCfg = Release|Any CPU
		{1DC72DC1-8EA4-4252-90E6-7F5EBFF381B8}.Release|Any CPU.Build.0 = Release|Any CPU
		{24C9100B-7511-4312-A675-2DFBCBABC8E2}.Debug|Any CPU.ActiveCfg = Debug|Any CPU
		{24C9100B-7511-4312-A675-2DFBCBABC8E2}.Debug|Any CPU.Build.0 = Debug|Any CPU
		{24C9100B-7511-4312-A675-2DFBCBABC8E2}.Release|Any CPU.ActiveCfg = Release|Any CPU
		{24C9100B-7511-4312-A675-2DFBCBABC8E2}.Release|Any CPU.Build.0 = Release|Any CPU
	EndGlobalSection
EndGlobal
